
Microsoft Visual Studio Solution File, Format Version 12.00
# Visual Studio Version 17
VisualStudioVersion = 17.0.31903.59
MinimumVisualStudioVersion = 10.0.40219.1
Project("{2150E333-8FDC-42A3-9474-1A3956D46DE8}") = "Project", "Project", "{BECA00C2-6FEE-416B-BF8A-DFBFC067ED21}"
	ProjectSection(SolutionItems) = preProject
		.editorconfig = .editorconfig
		.gitignore = .gitignore
		global.json = global.json
		LICENSE = LICENSE
		.github\workflows\main.yml = .github\workflows\main.yml
		README.md = README.md
	EndProjectSection
EndProject
Project("{9A19103F-16F7-4668-BE54-9A1E7A4F7556}") = "1.PowerUtils.Net.Primitives", "src\1.PowerUtils.Net.Primitives.csproj", "{A3649905-3DE7-4BBA-BC5D-1D62089C7FFD}"
EndProject
Project("{9A19103F-16F7-4668-BE54-9A1E7A4F7556}") = "2.PowerUtils.Net.Primitives.Tests", "tests\2.PowerUtils.Net.Primitives.Tests.csproj", "{EACB7A09-1067-4312-B8D1-1D29897BA8D4}"
EndProject
Global
	GlobalSection(SolutionConfigurationPlatforms) = preSolution
		Debug|Any CPU = Debug|Any CPU
		Release|Any CPU = Release|Any CPU
	EndGlobalSection
	GlobalSection(ProjectConfigurationPlatforms) = postSolution
		{A3649905-3DE7-4BBA-BC5D-1D62089C7FFD}.Debug|Any CPU.ActiveCfg = Debug|Any CPU
		{A3649905-3DE7-4BBA-BC5D-1D62089C7FFD}.Debug|Any CPU.Build.0 = Debug|Any CPU
		{A3649905-3DE7-4BBA-BC5D-1D62089C7FFD}.Release|Any CPU.ActiveCfg = Release|Any CPU
		{A3649905-3DE7-4BBA-BC5D-1D62089C7FFD}.Release|Any CPU.Build.0 = Release|Any CPU
		{EACB7A09-1067-4312-B8D1-1D29897BA8D4}.Debug|Any CPU.ActiveCfg = Debug|Any CPU
		{EACB7A09-1067-4312-B8D1-1D29897BA8D4}.Debug|Any CPU.Build.0 = Debug|Any CPU
		{EACB7A09-1067-4312-B8D1-1D29897BA8D4}.Release|Any CPU.ActiveCfg = Release|Any CPU
		{EACB7A09-1067-4312-B8D1-1D29897BA8D4}.Release|Any CPU.Build.0 = Release|Any CPU
	EndGlobalSection
	GlobalSection(SolutionProperties) = preSolution
		HideSolutionNode = FALSE
	EndGlobalSection
	GlobalSection(ExtensibilityGlobals) = postSolution
		SolutionGuid = {A48BE987-BAA5-4255-862F-32B60FD428A9}
	EndGlobalSection
EndGlobal
